
Microsoft Visual Studio Solution File, Format Version 12.00
# Visual Studio Version 17
VisualStudioVersion = 17.1.32210.238
MinimumVisualStudioVersion = 10.0.40219.1
Project("{9A19103F-16F7-4668-BE54-9A1E7A4F7556}") = "API", "API\API.csproj", "{E88B40F8-B1A8-40AF-AD34-95A482DFF395}"
EndProject
Project("{9A19103F-16F7-4668-BE54-9A1E7A4F7556}") = "Application", "Application\Application.csproj", "{7753C202-735B-4180-9856-602E5DB4B3E6}"
EndProject
Project("{9A19103F-16F7-4668-BE54-9A1E7A4F7556}") = "Persistence", "Persistence\Persistence.csproj", "{949B835D-8098-4D09-802B-7AD6A22A557D}"
EndProject
Project("{9A19103F-16F7-4668-BE54-9A1E7A4F7556}") = "Domain", "Domain\Domain.csproj", "{69ED9C55-690D-4608-9372-EBCD27C7A8FA}"
EndProject
Project("{FAE04EC0-301F-11D3-BF4B-00C04F79EFBC}") = "Infrastructure", "Infrastructure\Infrastructure.csproj", "{FEC50B3B-444B-43B5-8B64-4F793ED58C06}"
EndProject
Global
	GlobalSection(SolutionConfigurationPlatforms) = preSolution
		Debug|Any CPU = Debug|Any CPU
		Debug|x64 = Debug|x64
		Debug|x86 = Debug|x86
		Release|Any CPU = Release|Any CPU
		Release|x64 = Release|x64
		Release|x86 = Release|x86
	EndGlobalSection
	GlobalSection(ProjectConfigurationPlatforms) = postSolution
		{E88B40F8-B1A8-40AF-AD34-95A482DFF395}.Debug|Any CPU.ActiveCfg = Debug|Any CPU
		{E88B40F8-B1A8-40AF-AD34-95A482DFF395}.Debug|Any CPU.Build.0 = Debug|Any CPU
		{E88B40F8-B1A8-40AF-AD34-95A482DFF395}.Debug|x64.ActiveCfg = Debug|Any CPU
		{E88B40F8-B1A8-40AF-AD34-95A482DFF395}.Debug|x64.Build.0 = Debug|Any CPU
		{E88B40F8-B1A8-40AF-AD34-95A482DFF395}.Debug|x86.ActiveCfg = Debug|Any CPU
		{E88B40F8-B1A8-40AF-AD34-95A482DFF395}.Debug|x86.Build.0 = Debug|Any CPU
		{E88B40F8-B1A8-40AF-AD34-95A482DFF395}.Release|Any CPU.ActiveCfg = Release|Any CPU
		{E88B40F8-B1A8-40AF-AD34-95A482DFF395}.Release|Any CPU.Build.0 = Release|Any CPU
		{E88B40F8-B1A8-40AF-AD34-95A482DFF395}.Release|x64.ActiveCfg = Release|Any CPU
		{E88B40F8-B1A8-40AF-AD34-95A482DFF395}.Release|x64.Build.0 = Release|Any CPU
		{E88B40F8-B1A8-40AF-AD34-95A482DFF395}.Release|x86.ActiveCfg = Release|Any CPU
		{E88B40F8-B1A8-40AF-AD34-95A482DFF395}.Release|x86.Build.0 = Release|Any CPU
		{7753C202-735B-4180-9856-602E5DB4B3E6}.Debug|Any CPU.ActiveCfg = Debug|Any CPU
		{7753C202-735B-4180-9856-602E5DB4B3E6}.Debug|Any CPU.Build.0 = Debug|Any CPU
		{7753C202-735B-4180-9856-602E5DB4B3E6}.Debug|x64.ActiveCfg = Debug|Any CPU
		{7753C202-735B-4180-9856-602E5DB4B3E6}.Debug|x64.Build.0 = Debug|Any CPU
		{7753C202-735B-4180-9856-602E5DB4B3E6}.Debug|x86.ActiveCfg = Debug|Any CPU
		{7753C202-735B-4180-9856-602E5DB4B3E6}.Debug|x86.Build.0 = Debug|Any CPU
		{7753C202-735B-4180-9856-602E5DB4B3E6}.Release|Any CPU.ActiveCfg = Release|Any CPU
		{7753C202-735B-4180-9856-602E5DB4B3E6}.Release|Any CPU.Build.0 = Release|Any CPU
		{7753C202-735B-4180-9856-602E5DB4B3E6}.Release|x64.ActiveCfg = Release|Any CPU
		{7753C202-735B-4180-9856-602E5DB4B3E6}.Release|x64.Build.0 = Release|Any CPU
		{7753C202-735B-4180-9856-602E5DB4B3E6}.Release|x86.ActiveCfg = Release|Any CPU
		{7753C202-735B-4180-9856-602E5DB4B3E6}.Release|x86.Build.0 = Release|Any CPU
		{949B835D-8098-4D09-802B-7AD6A22A557D}.Debug|Any CPU.ActiveCfg = Debug|Any CPU
		{949B835D-8098-4D09-802B-7AD6A22A557D}.Debug|Any CPU.Build.0 = Debug|Any CPU
		{949B835D-8098-4D09-802B-7AD6A22A557D}.Debug|x64.ActiveCfg = Debug|Any CPU
		{949B835D-8098-4D09-802B-7AD6A22A557D}.Debug|x64.Build.0 = Debug|Any CPU
		{949B835D-8098-4D09-802B-7AD6A22A557D}.Debug|x86.ActiveCfg = Debug|Any CPU
		{949B835D-8098-4D09-802B-7AD6A22A557D}.Debug|x86.Build.0 = Debug|Any CPU
		{949B835D-8098-4D09-802B-7AD6A22A557D}.Release|Any CPU.ActiveCfg = Release|Any CPU
		{949B835D-8098-4D09-802B-7AD6A22A557D}.Release|Any CPU.Build.0 = Release|Any CPU
		{949B835D-8098-4D09-802B-7AD6A22A557D}.Release|x64.ActiveCfg = Release|Any CPU
		{949B835D-8098-4D09-802B-7AD6A22A557D}.Release|x64.Build.0 = Release|Any CPU
		{949B835D-8098-4D09-802B-7AD6A22A557D}.Release|x86.ActiveCfg = Release|Any CPU
		{949B835D-8098-4D09-802B-7AD6A22A557D}.Release|x86.Build.0 = Release|Any CPU
		{69ED9C55-690D-4608-9372-EBCD27C7A8FA}.Debug|Any CPU.ActiveCfg = Debug|Any CPU
		{69ED9C55-690D-4608-9372-EBCD27C7A8FA}.Debug|Any CPU.Build.0 = Debug|Any CPU
		{69ED9C55-690D-4608-9372-EBCD27C7A8FA}.Debug|x64.ActiveCfg = Debug|Any CPU
		{69ED9C55-690D-4608-9372-EBCD27C7A8FA}.Debug|x64.Build.0 = Debug|Any CPU
		{69ED9C55-690D-4608-9372-EBCD27C7A8FA}.Debug|x86.ActiveCfg = Debug|Any CPU
		{69ED9C55-690D-4608-9372-EBCD27C7A8FA}.Debug|x86.Build.0 = Debug|Any CPU
		{69ED9C55-690D-4608-9372-EBCD27C7A8FA}.Release|Any CPU.ActiveCfg = Release|Any CPU
		{69ED9C55-690D-4608-9372-EBCD27C7A8FA}.Release|Any CPU.Build.0 = Release|Any CPU
		{69ED9C55-690D-4608-9372-EBCD27C7A8FA}.Release|x64.ActiveCfg = Release|Any CPU
		{69ED9C55-690D-4608-9372-EBCD27C7A8FA}.Release|x64.Build.0 = Release|Any CPU
		{69ED9C55-690D-4608-9372-EBCD27C7A8FA}.Release|x86.ActiveCfg = Release|Any CPU
		{69ED9C55-690D-4608-9372-EBCD27C7A8FA}.Release|x86.Build.0 = Release|Any CPU
		{FEC50B3B-444B-43B5-8B64-4F793ED58C06}.Debug|Any CPU.ActiveCfg = Debug|Any CPU
		{FEC50B3B-444B-43B5-8B64-4F793ED58C06}.Debug|Any CPU.Build.0 = Debug|Any CPU
		{FEC50B3B-444B-43B5-8B64-4F793ED58C06}.Debug|x64.ActiveCfg = Debug|Any CPU
		{FEC50B3B-444B-43B5-8B64-4F793ED58C06}.Debug|x64.Build.0 = Debug|Any CPU
		{FEC50B3B-444B-43B5-8B64-4F793ED58C06}.Debug|x86.ActiveCfg = Debug|Any CPU
		{FEC50B3B-444B-43B5-8B64-4F793ED58C06}.Debug|x86.Build.0 = Debug|Any CPU
		{FEC50B3B-444B-43B5-8B64-4F793ED58C06}.Release|Any CPU.ActiveCfg = Release|Any CPU
		{FEC50B3B-444B-43B5-8B64-4F793ED58C06}.Release|Any CPU.Build.0 = Release|Any CPU
		{FEC50B3B-444B-43B5-8B64-4F793ED58C06}.Release|x64.ActiveCfg = Release|Any CPU
		{FEC50B3B-444B-43B5-8B64-4F793ED58C06}.Release|x64.Build.0 = Release|Any CPU
		{FEC50B3B-444B-43B5-8B64-4F793ED58C06}.Release|x86.ActiveCfg = Release|Any CPU
		{FEC50B3B-444B-43B5-8B64-4F793ED58C06}.Release|x86.Build.0 = Release|Any CPU
	EndGlobalSection
	GlobalSection(SolutionProperties) = preSolution
		HideSolutionNode = FALSE
	EndGlobalSection
	GlobalSection(ExtensibilityGlobals) = postSolution
		SolutionGuid = {7397769A-3924-4903-B96A-8462117FEDF8}
	EndGlobalSection
EndGlobal
